
Microsoft Visual Studio Solution File, Format Version 12.00
# Visual Studio 14
VisualStudioVersion = 14.0.24720.0
MinimumVisualStudioVersion = 10.0.40219.1
Project("{FAE04EC0-301F-11D3-BF4B-00C04F79EFBC}") = "Additionneur", "Additionneur\Additionneur.csproj", "{B1CA8C9C-D61B-4E6C-A9BF-134A99D4036D}"
EndProject
Project("{FAE04EC0-301F-11D3-BF4B-00C04F79EFBC}") = "Valid_Saisie", "Valid_Saisie\Valid_Saisie.csproj", "{09FAE461-0B27-4457-B3F5-F533EEC4CB97}"
EndProject
Project("{FAE04EC0-301F-11D3-BF4B-00C04F79EFBC}") = "Diff_ObjetGraphiq", "Diff_ObjetGraphiq\Diff_ObjetGraphiq.csproj", "{D1A91D95-1D36-402E-8C53-9F151520B8FC}"
EndProject
Project("{FAE04EC0-301F-11D3-BF4B-00C04F79EFBC}") = "Op_sur_ListBox", "Op_sur_ListBox\Op_sur_ListBox.csproj", "{F0BC581E-C82E-4F77-A8A2-20A8C711AB30}"
EndProject
Project("{FAE04EC0-301F-11D3-BF4B-00C04F79EFBC}") = "ListBox_ComboBox", "ListBox_ComboBox\ListBox_ComboBox.csproj", "{C3F9D9C8-DA00-454E-8D75-A83D206E1BE9}"
EndProject
Project("{FAE04EC0-301F-11D3-BF4B-00C04F79EFBC}") = "ScrollBar_Color", "ScrollBar_Color\ScrollBar_Color.csproj", "{A618D873-5C15-4047-99B6-F8EEC1A9E6E9}"
EndProject
Project("{FAE04EC0-301F-11D3-BF4B-00C04F79EFBC}") = "Synthese_WinForm", "Synthese_WinForm\Synthese_WinForm.csproj", "{C3B21561-0CC0-42EB-B47B-7BE84BD4C365}"
EndProject
Global
	GlobalSection(SolutionConfigurationPlatforms) = preSolution
		Debug|Any CPU = Debug|Any CPU
		Release|Any CPU = Release|Any CPU
	EndGlobalSection
	GlobalSection(ProjectConfigurationPlatforms) = postSolution
		{B1CA8C9C-D61B-4E6C-A9BF-134A99D4036D}.Debug|Any CPU.ActiveCfg = Debug|Any CPU
		{B1CA8C9C-D61B-4E6C-A9BF-134A99D4036D}.Debug|Any CPU.Build.0 = Debug|Any CPU
		{B1CA8C9C-D61B-4E6C-A9BF-134A99D4036D}.Release|Any CPU.ActiveCfg = Release|Any CPU
		{B1CA8C9C-D61B-4E6C-A9BF-134A99D4036D}.Release|Any CPU.Build.0 = Release|Any CPU
		{09FAE461-0B27-4457-B3F5-F533EEC4CB97}.Debug|Any CPU.ActiveCfg = Debug|Any CPU
		{09FAE461-0B27-4457-B3F5-F533EEC4CB97}.Debug|Any CPU.Build.0 = Debug|Any CPU
		{09FAE461-0B27-4457-B3F5-F533EEC4CB97}.Release|Any CPU.ActiveCfg = Release|Any CPU
		{09FAE461-0B27-4457-B3F5-F533EEC4CB97}.Release|Any CPU.Build.0 = Release|Any CPU
		{D1A91D95-1D36-402E-8C53-9F151520B8FC}.Debug|Any CPU.ActiveCfg = Debug|Any CPU
		{D1A91D95-1D36-402E-8C53-9F151520B8FC}.Debug|Any CPU.Build.0 = Debug|Any CPU
		{D1A91D95-1D36-402E-8C53-9F151520B8FC}.Release|Any CPU.ActiveCfg = Release|Any CPU
		{D1A91D95-1D36-402E-8C53-9F151520B8FC}.Release|Any CPU.Build.0 = Release|Any CPU
		{F0BC581E-C82E-4F77-A8A2-20A8C711AB30}.Debug|Any CPU.ActiveCfg = Debug|Any CPU
		{F0BC581E-C82E-4F77-A8A2-20A8C711AB30}.Debug|Any CPU.Build.0 = Debug|Any CPU
		{F0BC581E-C82E-4F77-A8A2-20A8C711AB30}.Release|Any CPU.ActiveCfg = Release|Any CPU
		{F0BC581E-C82E-4F77-A8A2-20A8C711AB30}.Release|Any CPU.Build.0 = Release|Any CPU
		{C3F9D9C8-DA00-454E-8D75-A83D206E1BE9}.Debug|Any CPU.ActiveCfg = Debug|Any CPU
		{C3F9D9C8-DA00-454E-8D75-A83D206E1BE9}.Debug|Any CPU.Build.0 = Debug|Any CPU
		{C3F9D9C8-DA00-454E-8D75-A83D206E1BE9}.Release|Any CPU.ActiveCfg = Release|Any CPU
		{C3F9D9C8-DA00-454E-8D75-A83D206E1BE9}.Release|Any CPU.Build.0 = Release|Any CPU
		{A618D873-5C15-4047-99B6-F8EEC1A9E6E9}.Debug|Any CPU.ActiveCfg = Debug|Any CPU
		{A618D873-5C15-4047-99B6-F8EEC1A9E6E9}.Debug|Any CPU.Build.0 = Debug|Any CPU
		{A618D873-5C15-4047-99B6-F8EEC1A9E6E9}.Release|Any CPU.ActiveCfg = Release|Any CPU
		{A618D873-5C15-4047-99B6-F8EEC1A9E6E9}.Release|Any CPU.Build.0 = Release|Any CPU
		{C3B21561-0CC0-42EB-B47B-7BE84BD4C365}.Debug|Any CPU.ActiveCfg = Debug|Any CPU
		{C3B21561-0CC0-42EB-B47B-7BE84BD4C365}.Debug|Any CPU.Build.0 = Debug|Any CPU
		{C3B21561-0CC0-42EB-B47B-7BE84BD4C365}.Release|Any CPU.ActiveCfg = Release|Any CPU
		{C3B21561-0CC0-42EB-B47B-7BE84BD4C365}.Release|Any CPU.Build.0 = Release|Any CPU
	EndGlobalSection
	GlobalSection(SolutionProperties) = preSolution
		HideSolutionNode = FALSE
	EndGlobalSection
EndGlobal
